
Microsoft Visual Studio Solution File, Format Version 12.00
# Visual Studio Version 17
VisualStudioVersion = 17.10.35013.160
MinimumVisualStudioVersion = 10.0.40219.1
Project("{FAE04EC0-301F-11D3-BF4B-00C04F79EFBC}") = "HaTayNguyen_3238", "HaTayNguyen_3238\HaTayNguyen_3238.csproj", "{53AAFB55-B417-464B-BDFD-2E68A226D4FB}"
EndProject
Global
	GlobalSection(SolutionConfigurationPlatforms) = preSolution
		Debug|Any CPU = Debug|Any CPU
		Release|Any CPU = Release|Any CPU
	EndGlobalSection
	GlobalSection(ProjectConfigurationPlatforms) = postSolution
		{53AAFB55-B417-464B-BDFD-2E68A226D4FB}.Debug|Any CPU.ActiveCfg = Debug|Any CPU
		{53AAFB55-B417-464B-BDFD-2E68A226D4FB}.Debug|Any CPU.Build.0 = Debug|Any CPU
		{53AAFB55-B417-464B-BDFD-2E68A226D4FB}.Release|Any CPU.ActiveCfg = Release|Any CPU
		{53AAFB55-B417-464B-BDFD-2E68A226D4FB}.Release|Any CPU.Build.0 = Release|Any CPU
	EndGlobalSection
	GlobalSection(SolutionProperties) = preSolution
		HideSolutionNode = FALSE
	EndGlobalSection
	GlobalSection(ExtensibilityGlobals) = postSolution
		SolutionGuid = {B3EE7666-0E01-4B81-9E55-84FE3811B831}
	EndGlobalSection
EndGlobal
